
Microsoft Visual Studio Solution File, Format Version 12.00
# Visual Studio Version 16
VisualStudioVersion = 16.0.29911.84
MinimumVisualStudioVersion = 10.0.40219.1
Project("{FAE04EC0-301F-11D3-BF4B-00C04F79EFBC}") = "Audio_Player", "Audio_Player\Audio_Player.csproj", "{7503C232-D89A-4B5E-AB2F-6296457664EB}"
EndProject
Global
	GlobalSection(SolutionConfigurationPlatforms) = preSolution
		Debug|Any CPU = Debug|Any CPU
		Release|Any CPU = Release|Any CPU
	EndGlobalSection
	GlobalSection(ProjectConfigurationPlatforms) = postSolution
		{7503C232-D89A-4B5E-AB2F-6296457664EB}.Debug|Any CPU.ActiveCfg = Debug|Any CPU
		{7503C232-D89A-4B5E-AB2F-6296457664EB}.Debug|Any CPU.Build.0 = Debug|Any CPU
		{7503C232-D89A-4B5E-AB2F-6296457664EB}.Release|Any CPU.ActiveCfg = Release|Any CPU
		{7503C232-D89A-4B5E-AB2F-6296457664EB}.Release|Any CPU.Build.0 = Release|Any CPU
	EndGlobalSection
	GlobalSection(SolutionProperties) = preSolution
		HideSolutionNode = FALSE
	EndGlobalSection
	GlobalSection(ExtensibilityGlobals) = postSolution
		SolutionGuid = {79C374BD-DFB0-49B6-ACC4-730414B70B93}
	EndGlobalSection
EndGlobal
